
Microsoft Visual Studio Solution File, Format Version 12.00
# Visual Studio Version 16
VisualStudioVersion = 16.0.32901.82
MinimumVisualStudioVersion = 10.0.40219.1
Project("{FAE04EC0-301F-11D3-BF4B-00C04F79EFBC}") = "UserMaintanance", "UserMaintanance.csproj", "{C71FA5F4-1F5B-4BCD-B8D9-8D3131432AA1}"
EndProject
Global
	GlobalSection(SolutionConfigurationPlatforms) = preSolution
		Debug|Any CPU = Debug|Any CPU
		Release|Any CPU = Release|Any CPU
	EndGlobalSection
	GlobalSection(ProjectConfigurationPlatforms) = postSolution
		{C71FA5F4-1F5B-4BCD-B8D9-8D3131432AA1}.Debug|Any CPU.ActiveCfg = Debug|Any CPU
		{C71FA5F4-1F5B-4BCD-B8D9-8D3131432AA1}.Debug|Any CPU.Build.0 = Debug|Any CPU
		{C71FA5F4-1F5B-4BCD-B8D9-8D3131432AA1}.Release|Any CPU.ActiveCfg = Release|Any CPU
		{C71FA5F4-1F5B-4BCD-B8D9-8D3131432AA1}.Release|Any CPU.Build.0 = Release|Any CPU
	EndGlobalSection
	GlobalSection(SolutionProperties) = preSolution
		HideSolutionNode = FALSE
	EndGlobalSection
	GlobalSection(ExtensibilityGlobals) = postSolution
		SolutionGuid = {EC5BA382-031A-4C87-8EEE-6674A3FE69A0}
	EndGlobalSection
EndGlobal
